// !$*UTF8*$!
{
	archiveVersion = 1;
	classes = {
	};
	objectVersion = 46;
	objects = {

/* Begin PBXAggregateTarget section */
		8B7A73811ACB58EF002523C3 /* Mogenerator */ = {
			isa = PBXAggregateTarget;
			buildConfigurationList = 8B7A73821ACB58F0002523C3 /* Build configuration list for PBXAggregateTarget "Mogenerator" */;
			buildPhases = (
				8B7A73851ACB5902002523C3 /* ShellScript */,
			);
			dependencies = (
			);
			name = Mogenerator;
			productName = Mogenerator;
		};
/* End PBXAggregateTarget section */

/* Begin PBXBuildFile section */
		5572052D3D9EF29D3C40B217 /* libPods.a in Frameworks */ = {isa = PBXBuildFile; fileRef = 00B30C4EFF1A4BA403E16D04 /* libPods.a */; };
		8B26459F1AD21A6100B16D3B /* TableRowInterfaceController.m in Sources */ = {isa = PBXBuildFile; fileRef = 8B26459E1AD21A6100B16D3B /* TableRowInterfaceController.m */; };
		8B2F25EE1AD3205300187FD8 /* FocusMapKit.h in Headers */ = {isa = PBXBuildFile; fileRef = 8B2F25ED1AD3205300187FD8 /* FocusMapKit.h */; settings = {ATTRIBUTES = (Public, ); }; };
		8B2F25F41AD3205300187FD8 /* FocusMapKit.framework in Frameworks */ = {isa = PBXBuildFile; fileRef = 8B2F25E91AD3205300187FD8 /* FocusMapKit.framework */; };
		8B2F25FD1AD3205300187FD8 /* FocusMapKitTests.m in Sources */ = {isa = PBXBuildFile; fileRef = 8B2F25FC1AD3205300187FD8 /* FocusMapKitTests.m */; };
		8B2F26001AD3205300187FD8 /* FocusMapKit.framework in Frameworks */ = {isa = PBXBuildFile; fileRef = 8B2F25E91AD3205300187FD8 /* FocusMapKit.framework */; };
		8B2F26011AD3205300187FD8 /* FocusMapKit.framework in Embed Frameworks */ = {isa = PBXBuildFile; fileRef = 8B2F25E91AD3205300187FD8 /* FocusMapKit.framework */; settings = {ATTRIBUTES = (CodeSignOnCopy, RemoveHeadersOnCopy, ); }; };
		8B2F261D1AD32C2800187FD8 /* NSManagedObject+Extras.h in Headers */ = {isa = PBXBuildFile; fileRef = 8B2F260C1AD32C2800187FD8 /* NSManagedObject+Extras.h */; settings = {ATTRIBUTES = (Public, ); }; };
		8B2F261E1AD32C2800187FD8 /* NSManagedObject+Extras.m in Sources */ = {isa = PBXBuildFile; fileRef = 8B2F260D1AD32C2800187FD8 /* NSManagedObject+Extras.m */; };
		8B2F26211AD32C2800187FD8 /* _MVLocation.h in Headers */ = {isa = PBXBuildFile; fileRef = 8B2F26111AD32C2800187FD8 /* _MVLocation.h */; settings = {ATTRIBUTES = (Public, ); }; };
		8B2F26221AD32C2800187FD8 /* _MVLocation.m in Sources */ = {isa = PBXBuildFile; fileRef = 8B2F26121AD32C2800187FD8 /* _MVLocation.m */; };
		8B2F26231AD32C2800187FD8 /* _MVVisit.h in Headers */ = {isa = PBXBuildFile; fileRef = 8B2F26131AD32C2800187FD8 /* _MVVisit.h */; settings = {ATTRIBUTES = (Public, ); }; };
		8B2F26241AD32C2800187FD8 /* _MVVisit.m in Sources */ = {isa = PBXBuildFile; fileRef = 8B2F26141AD32C2800187FD8 /* _MVVisit.m */; };
		8B2F26261AD32C2800187FD8 /* MVLocation.h in Headers */ = {isa = PBXBuildFile; fileRef = 8B2F26171AD32C2800187FD8 /* MVLocation.h */; settings = {ATTRIBUTES = (Public, ); }; };
		8B2F26271AD32C2800187FD8 /* MVLocation.m in Sources */ = {isa = PBXBuildFile; fileRef = 8B2F26181AD32C2800187FD8 /* MVLocation.m */; };
		8B2F26281AD32C2800187FD8 /* MVVisit.h in Headers */ = {isa = PBXBuildFile; fileRef = 8B2F26191AD32C2800187FD8 /* MVVisit.h */; settings = {ATTRIBUTES = (Public, ); }; };
		8B2F26291AD32C2800187FD8 /* MVVisit.m in Sources */ = {isa = PBXBuildFile; fileRef = 8B2F261A1AD32C2800187FD8 /* MVVisit.m */; };
		8B3BC7C21ACA04DD00A176CC /* TableInterfaceController.m in Sources */ = {isa = PBXBuildFile; fileRef = 8B3BC7C11ACA04DD00A176CC /* TableInterfaceController.m */; };
		8B3BC7C41ACA354200A176CC /* HealthKit.framework in Frameworks */ = {isa = PBXBuildFile; fileRef = 8B3BC7C31ACA354200A176CC /* HealthKit.framework */; };
		8BB65C561AFC87460067AF7C /* MVHealthKit.m in Sources */ = {isa = PBXBuildFile; fileRef = 8BB65C511AFC87460067AF7C /* MVHealthKit.m */; };
		8BB65C581AFC87460067AF7C /* MVLocationManager.m in Sources */ = {isa = PBXBuildFile; fileRef = 8BB65C551AFC87460067AF7C /* MVLocationManager.m */; };
		8BB6E67A1B01439B00D161CD /* MVVisit+Extras.m in Sources */ = {isa = PBXBuildFile; fileRef = 8BB6E6791B01439B00D161CD /* MVVisit+Extras.m */; };
		8BC7BA011AC938AC000EC1C4 /* main.m in Sources */ = {isa = PBXBuildFile; fileRef = 8BC7BA001AC938AC000EC1C4 /* main.m */; };
		8BC7BA041AC938AC000EC1C4 /* AppDelegate.m in Sources */ = {isa = PBXBuildFile; fileRef = 8BC7BA031AC938AC000EC1C4 /* AppDelegate.m */; };
		8BC7BA071AC938AC000EC1C4 /* ViewController.m in Sources */ = {isa = PBXBuildFile; fileRef = 8BC7BA061AC938AC000EC1C4 /* ViewController.m */; };
		8BC7BA0A1AC938AC000EC1C4 /* Main.storyboard in Resources */ = {isa = PBXBuildFile; fileRef = 8BC7BA081AC938AC000EC1C4 /* Main.storyboard */; };
		8BC7BA0C1AC938AC000EC1C4 /* Images.xcassets in Resources */ = {isa = PBXBuildFile; fileRef = 8BC7BA0B1AC938AC000EC1C4 /* Images.xcassets */; };
		8BC7BA0F1AC938AC000EC1C4 /* LaunchScreen.xib in Resources */ = {isa = PBXBuildFile; fileRef = 8BC7BA0D1AC938AC000EC1C4 /* LaunchScreen.xib */; };
		8BC7BA1B1AC938AC000EC1C4 /* FocusMapTests.m in Sources */ = {isa = PBXBuildFile; fileRef = 8BC7BA1A1AC938AC000EC1C4 /* FocusMapTests.m */; };
		8BC7BA321AC93901000EC1C4 /* NotificationController.m in Sources */ = {isa = PBXBuildFile; fileRef = 8BC7BA311AC93901000EC1C4 /* NotificationController.m */; };
		8BC7BA351AC93901000EC1C4 /* GlanceController.m in Sources */ = {isa = PBXBuildFile; fileRef = 8BC7BA341AC93901000EC1C4 /* GlanceController.m */; };
		8BC7BA371AC93901000EC1C4 /* Images.xcassets in Resources */ = {isa = PBXBuildFile; fileRef = 8BC7BA361AC93901000EC1C4 /* Images.xcassets */; };
		8BC7BA3B1AC93901000EC1C4 /* FocusMap WatchKit App.app in Resources */ = {isa = PBXBuildFile; fileRef = 8BC7BA3A1AC93901000EC1C4 /* FocusMap WatchKit App.app */; };
		8BC7BA431AC93901000EC1C4 /* Interface.storyboard in Resources */ = {isa = PBXBuildFile; fileRef = 8BC7BA411AC93901000EC1C4 /* Interface.storyboard */; };
		8BC7BA451AC93901000EC1C4 /* Images.xcassets in Resources */ = {isa = PBXBuildFile; fileRef = 8BC7BA441AC93901000EC1C4 /* Images.xcassets */; };
		8BC7BA481AC93901000EC1C4 /* FocusMap WatchKit Extension.appex in Embed App Extensions */ = {isa = PBXBuildFile; fileRef = 8BC7BA281AC93901000EC1C4 /* FocusMap WatchKit Extension.appex */; settings = {ATTRIBUTES = (RemoveHeadersOnCopy, ); }; };
		8BC7BA521AC941EF000EC1C4 /* MapInterfaceController.m in Sources */ = {isa = PBXBuildFile; fileRef = 8BC7BA511AC941EF000EC1C4 /* MapInterfaceController.m */; };
		8BEBD7A81AD9EC2D00EC3F82 /* EmptyTableRowInterfaceController.m in Sources */ = {isa = PBXBuildFile; fileRef = 8BEBD7A71AD9EC2D00EC3F82 /* EmptyTableRowInterfaceController.m */; };
		8BEEB64C1AD330DC007B2954 /* FocusMapKit.framework in Frameworks */ = {isa = PBXBuildFile; fileRef = 8B2F25E91AD3205300187FD8 /* FocusMapKit.framework */; };
		8BEEB6581AD33C32007B2954 /* MVDataManager.h in Headers */ = {isa = PBXBuildFile; fileRef = 8BEEB6561AD33C32007B2954 /* MVDataManager.h */; settings = {ATTRIBUTES = (Public, ); }; };
		8BEEB6591AD33C32007B2954 /* MVDataManager.m in Sources */ = {isa = PBXBuildFile; fileRef = 8BEEB6571AD33C32007B2954 /* MVDataManager.m */; };
		8BEEB65B1AD34044007B2954 /* FocusMapKit-Prefix.pch in Headers */ = {isa = PBXBuildFile; fileRef = 8BEEB65A1AD34044007B2954 /* FocusMapKit-Prefix.pch */; };
		8BEEB65E1AD34BC4007B2954 /* Model.xcdatamodeld in Sources */ = {isa = PBXBuildFile; fileRef = 8BEEB65C1AD34BC4007B2954 /* Model.xcdatamodeld */; };
		8BEEB65F1AD34D2F007B2954 /* Model.xcdatamodeld in Resources */ = {isa = PBXBuildFile; fileRef = 8BEEB65C1AD34BC4007B2954 /* Model.xcdatamodeld */; };
		A728F027B82F1A4DC3A9A86B /* libPods.a in Frameworks */ = {isa = PBXBuildFile; fileRef = 00B30C4EFF1A4BA403E16D04 /* libPods.a */; };
		F7AC4B5C9314236A0788C34A /* libPods.a in Frameworks */ = {isa = PBXBuildFile; fileRef = 00B30C4EFF1A4BA403E16D04 /* libPods.a */; };
/* End PBXBuildFile section */

/* Begin PBXContainerItemProxy section */
		8B2F25F51AD3205300187FD8 /* PBXContainerItemProxy */ = {
			isa = PBXContainerItemProxy;
			containerPortal = 8BC7B9F31AC938AC000EC1C4 /* Project object */;
			proxyType = 1;
			remoteGlobalIDString = 8B2F25E81AD3205300187FD8;
			remoteInfo = FocusMapKit;
		};
		8B2F25F71AD3205300187FD8 /* PBXContainerItemProxy */ = {
			isa = PBXContainerItemProxy;
			containerPortal = 8BC7B9F31AC938AC000EC1C4 /* Project object */;
			proxyType = 1;
			remoteGlobalIDString = 8BC7B9FA1AC938AC000EC1C4;
			remoteInfo = FocusMap;
		};
		8B2F25FE1AD3205300187FD8 /* PBXContainerItemProxy */ = {
			isa = PBXContainerItemProxy;
			containerPortal = 8BC7B9F31AC938AC000EC1C4 /* Project object */;
			proxyType = 1;
			remoteGlobalIDString = 8B2F25E81AD3205300187FD8;
			remoteInfo = FocusMapKit;
		};
		8BC7BA151AC938AC000EC1C4 /* PBXContainerItemProxy */ = {
			isa = PBXContainerItemProxy;
			containerPortal = 8BC7B9F31AC938AC000EC1C4 /* Project object */;
			proxyType = 1;
			remoteGlobalIDString = 8BC7B9FA1AC938AC000EC1C4;
			remoteInfo = FocusMap;
		};
		8BC7BA3C1AC93901000EC1C4 /* PBXContainerItemProxy */ = {
			isa = PBXContainerItemProxy;
			containerPortal = 8BC7B9F31AC938AC000EC1C4 /* Project object */;
			proxyType = 1;
			remoteGlobalIDString = 8BC7BA391AC93901000EC1C4;
			remoteInfo = "FocusMap WatchKit App";
		};
		8BC7BA461AC93901000EC1C4 /* PBXContainerItemProxy */ = {
			isa = PBXContainerItemProxy;
			containerPortal = 8BC7B9F31AC938AC000EC1C4 /* Project object */;
			proxyType = 1;
			remoteGlobalIDString = 8BC7BA271AC93901000EC1C4;
			remoteInfo = "FocusMap WatchKit Extension";
		};
/* End PBXContainerItemProxy section */

/* Begin PBXCopyFilesBuildPhase section */
		8B2F26071AD3205400187FD8 /* Embed Frameworks */ = {
			isa = PBXCopyFilesBuildPhase;
			buildActionMask = 2147483647;
			dstPath = "";
			dstSubfolderSpec = 10;
			files = (
				8B2F26011AD3205300187FD8 /* FocusMapKit.framework in Embed Frameworks */,
			);
			name = "Embed Frameworks";
			runOnlyForDeploymentPostprocessing = 0;
		};
		8BC7BA4F1AC93901000EC1C4 /* Embed App Extensions */ = {
			isa = PBXCopyFilesBuildPhase;
			buildActionMask = 2147483647;
			dstPath = "";
			dstSubfolderSpec = 13;
			files = (
				8BC7BA481AC93901000EC1C4 /* FocusMap WatchKit Extension.appex in Embed App Extensions */,
			);
			name = "Embed App Extensions";
			runOnlyForDeploymentPostprocessing = 0;
		};
/* End PBXCopyFilesBuildPhase section */

/* Begin PBXFileReference section */
		00B30C4EFF1A4BA403E16D04 /* libPods.a */ = {isa = PBXFileReference; explicitFileType = archive.ar; includeInIndex = 0; path = libPods.a; sourceTree = BUILT_PRODUCTS_DIR; };
		22CCD49310751B0D7BC1E2AD /* libPods-FocusMapKit.a */ = {isa = PBXFileReference; explicitFileType = archive.ar; includeInIndex = 0; path = "libPods-FocusMapKit.a"; sourceTree = BUILT_PRODUCTS_DIR; };
		8B26459D1AD21A6100B16D3B /* TableRowInterfaceController.h */ = {isa = PBXFileReference; fileEncoding = 4; lastKnownFileType = sourcecode.c.h; path = TableRowInterfaceController.h; sourceTree = "<group>"; };
		8B26459E1AD21A6100B16D3B /* TableRowInterfaceController.m */ = {isa = PBXFileReference; fileEncoding = 4; lastKnownFileType = sourcecode.c.objc; path = TableRowInterfaceController.m; sourceTree = "<group>"; };
		8B2F25E91AD3205300187FD8 /* FocusMapKit.framework */ = {isa = PBXFileReference; explicitFileType = wrapper.framework; includeInIndex = 0; path = FocusMapKit.framework; sourceTree = BUILT_PRODUCTS_DIR; };
		8B2F25EC1AD3205300187FD8 /* Info.plist */ = {isa = PBXFileReference; lastKnownFileType = text.plist.xml; path = Info.plist; sourceTree = "<group>"; };
		8B2F25ED1AD3205300187FD8 /* FocusMapKit.h */ = {isa = PBXFileReference; lastKnownFileType = sourcecode.c.h; path = FocusMapKit.h; sourceTree = "<group>"; };
		8B2F25F31AD3205300187FD8 /* FocusMapKitTests.xctest */ = {isa = PBXFileReference; explicitFileType = wrapper.cfbundle; includeInIndex = 0; path = FocusMapKitTests.xctest; sourceTree = BUILT_PRODUCTS_DIR; };
		8B2F25FB1AD3205300187FD8 /* Info.plist */ = {isa = PBXFileReference; lastKnownFileType = text.plist.xml; path = Info.plist; sourceTree = "<group>"; };
		8B2F25FC1AD3205300187FD8 /* FocusMapKitTests.m */ = {isa = PBXFileReference; lastKnownFileType = sourcecode.c.objc; path = FocusMapKitTests.m; sourceTree = "<group>"; };
		8B2F260C1AD32C2800187FD8 /* NSManagedObject+Extras.h */ = {isa = PBXFileReference; fileEncoding = 4; lastKnownFileType = sourcecode.c.h; path = "NSManagedObject+Extras.h"; sourceTree = "<group>"; };
		8B2F260D1AD32C2800187FD8 /* NSManagedObject+Extras.m */ = {isa = PBXFileReference; fileEncoding = 4; lastKnownFileType = sourcecode.c.objc; path = "NSManagedObject+Extras.m"; sourceTree = "<group>"; };
		8B2F26111AD32C2800187FD8 /* _MVLocation.h */ = {isa = PBXFileReference; fileEncoding = 4; lastKnownFileType = sourcecode.c.h; path = _MVLocation.h; sourceTree = "<group>"; };
		8B2F26121AD32C2800187FD8 /* _MVLocation.m */ = {isa = PBXFileReference; fileEncoding = 4; lastKnownFileType = sourcecode.c.objc; path = _MVLocation.m; sourceTree = "<group>"; };
		8B2F26131AD32C2800187FD8 /* _MVVisit.h */ = {isa = PBXFileReference; fileEncoding = 4; lastKnownFileType = sourcecode.c.h; path = _MVVisit.h; sourceTree = "<group>"; };
		8B2F26141AD32C2800187FD8 /* _MVVisit.m */ = {isa = PBXFileReference; fileEncoding = 4; lastKnownFileType = sourcecode.c.objc; path = _MVVisit.m; sourceTree = "<group>"; };
		8B2F26171AD32C2800187FD8 /* MVLocation.h */ = {isa = PBXFileReference; fileEncoding = 4; lastKnownFileType = sourcecode.c.h; path = MVLocation.h; sourceTree = "<group>"; };
		8B2F26181AD32C2800187FD8 /* MVLocation.m */ = {isa = PBXFileReference; fileEncoding = 4; lastKnownFileType = sourcecode.c.objc; path = MVLocation.m; sourceTree = "<group>"; };
		8B2F26191AD32C2800187FD8 /* MVVisit.h */ = {isa = PBXFileReference; fileEncoding = 4; lastKnownFileType = sourcecode.c.h; path = MVVisit.h; sourceTree = "<group>"; };
		8B2F261A1AD32C2800187FD8 /* MVVisit.m */ = {isa = PBXFileReference; fileEncoding = 4; lastKnownFileType = sourcecode.c.objc; path = MVVisit.m; sourceTree = "<group>"; };
		8B3BC7C01ACA04DD00A176CC /* TableInterfaceController.h */ = {isa = PBXFileReference; fileEncoding = 4; lastKnownFileType = sourcecode.c.h; path = TableInterfaceController.h; sourceTree = "<group>"; };
		8B3BC7C11ACA04DD00A176CC /* TableInterfaceController.m */ = {isa = PBXFileReference; fileEncoding = 4; lastKnownFileType = sourcecode.c.objc; path = TableInterfaceController.m; sourceTree = "<group>"; };
		8B3BC7C31ACA354200A176CC /* HealthKit.framework */ = {isa = PBXFileReference; lastKnownFileType = wrapper.framework; name = HealthKit.framework; path = System/Library/Frameworks/HealthKit.framework; sourceTree = SDKROOT; };
		8B3BC7C51ACA371500A176CC /* CoreData.framework */ = {isa = PBXFileReference; lastKnownFileType = wrapper.framework; name = CoreData.framework; path = System/Library/Frameworks/CoreData.framework; sourceTree = SDKROOT; };
		8B3BC7C71ACA37A000A176CC /* FocusMap-Prefix.pch */ = {isa = PBXFileReference; fileEncoding = 4; lastKnownFileType = sourcecode.c.h; path = "FocusMap-Prefix.pch"; sourceTree = "<group>"; };
		8B4508E31ACE1CEE00D18587 /* FocusMap WatchKit Extension.entitlements */ = {isa = PBXFileReference; lastKnownFileType = text.xml; path = "FocusMap WatchKit Extension.entitlements"; sourceTree = "<group>"; };
		8BB65C501AFC87460067AF7C /* MVHealthKit.h */ = {isa = PBXFileReference; fileEncoding = 4; lastKnownFileType = sourcecode.c.h; path = MVHealthKit.h; sourceTree = "<group>"; };
		8BB65C511AFC87460067AF7C /* MVHealthKit.m */ = {isa = PBXFileReference; fileEncoding = 4; lastKnownFileType = sourcecode.c.objc; path = MVHealthKit.m; sourceTree = "<group>"; };
		8BB65C541AFC87460067AF7C /* MVLocationManager.h */ = {isa = PBXFileReference; fileEncoding = 4; lastKnownFileType = sourcecode.c.h; path = MVLocationManager.h; sourceTree = "<group>"; };
		8BB65C551AFC87460067AF7C /* MVLocationManager.m */ = {isa = PBXFileReference; fileEncoding = 4; lastKnownFileType = sourcecode.c.objc; path = MVLocationManager.m; sourceTree = "<group>"; };
		8BB6E6781B01439B00D161CD /* MVVisit+Extras.h */ = {isa = PBXFileReference; fileEncoding = 4; lastKnownFileType = sourcecode.c.h; path = "MVVisit+Extras.h"; sourceTree = "<group>"; };
		8BB6E6791B01439B00D161CD /* MVVisit+Extras.m */ = {isa = PBXFileReference; fileEncoding = 4; lastKnownFileType = sourcecode.c.objc; path = "MVVisit+Extras.m"; sourceTree = "<group>"; };
		8BC7B9FB1AC938AC000EC1C4 /* FocusMap.app */ = {isa = PBXFileReference; explicitFileType = wrapper.application; includeInIndex = 0; path = FocusMap.app; sourceTree = BUILT_PRODUCTS_DIR; };
		8BC7B9FF1AC938AC000EC1C4 /* Info.plist */ = {isa = PBXFileReference; lastKnownFileType = text.plist.xml; path = Info.plist; sourceTree = "<group>"; };
		8BC7BA001AC938AC000EC1C4 /* main.m */ = {isa = PBXFileReference; lastKnownFileType = sourcecode.c.objc; path = main.m; sourceTree = "<group>"; };
		8BC7BA021AC938AC000EC1C4 /* AppDelegate.h */ = {isa = PBXFileReference; lastKnownFileType = sourcecode.c.h; path = AppDelegate.h; sourceTree = "<group>"; };
		8BC7BA031AC938AC000EC1C4 /* AppDelegate.m */ = {isa = PBXFileReference; lastKnownFileType = sourcecode.c.objc; path = AppDelegate.m; sourceTree = "<group>"; };
		8BC7BA051AC938AC000EC1C4 /* ViewController.h */ = {isa = PBXFileReference; lastKnownFileType = sourcecode.c.h; path = ViewController.h; sourceTree = "<group>"; };
		8BC7BA061AC938AC000EC1C4 /* ViewController.m */ = {isa = PBXFileReference; lastKnownFileType = sourcecode.c.objc; path = ViewController.m; sourceTree = "<group>"; };
		8BC7BA091AC938AC000EC1C4 /* Base */ = {isa = PBXFileReference; lastKnownFileType = file.storyboard; name = Base; path = Base.lproj/Main.storyboard; sourceTree = "<group>"; };
		8BC7BA0B1AC938AC000EC1C4 /* Images.xcassets */ = {isa = PBXFileReference; lastKnownFileType = folder.assetcatalog; path = Images.xcassets; sourceTree = "<group>"; };
		8BC7BA0E1AC938AC000EC1C4 /* Base */ = {isa = PBXFileReference; lastKnownFileType = file.xib; name = Base; path = Base.lproj/LaunchScreen.xib; sourceTree = "<group>"; };
		8BC7BA141AC938AC000EC1C4 /* FocusMapTests.xctest */ = {isa = PBXFileReference; explicitFileType = wrapper.cfbundle; includeInIndex = 0; path = FocusMapTests.xctest; sourceTree = BUILT_PRODUCTS_DIR; };
		8BC7BA191AC938AC000EC1C4 /* Info.plist */ = {isa = PBXFileReference; lastKnownFileType = text.plist.xml; path = Info.plist; sourceTree = "<group>"; };
		8BC7BA1A1AC938AC000EC1C4 /* FocusMapTests.m */ = {isa = PBXFileReference; lastKnownFileType = sourcecode.c.objc; path = FocusMapTests.m; sourceTree = "<group>"; };
		8BC7BA281AC93901000EC1C4 /* FocusMap WatchKit Extension.appex */ = {isa = PBXFileReference; explicitFileType = "wrapper.app-extension"; includeInIndex = 0; path = "FocusMap WatchKit Extension.appex"; sourceTree = BUILT_PRODUCTS_DIR; };
		8BC7BA2B1AC93901000EC1C4 /* Info.plist */ = {isa = PBXFileReference; lastKnownFileType = text.plist.xml; path = Info.plist; sourceTree = "<group>"; };
		8BC7BA2C1AC93901000EC1C4 /* PushNotificationPayload.apns */ = {isa = PBXFileReference; lastKnownFileType = text; path = PushNotificationPayload.apns; sourceTree = "<group>"; };
		8BC7BA301AC93901000EC1C4 /* NotificationController.h */ = {isa = PBXFileReference; lastKnownFileType = sourcecode.c.h; path = NotificationController.h; sourceTree = "<group>"; };
		8BC7BA311AC93901000EC1C4 /* NotificationController.m */ = {isa = PBXFileReference; lastKnownFileType = sourcecode.c.objc; path = NotificationController.m; sourceTree = "<group>"; };
		8BC7BA331AC93901000EC1C4 /* GlanceController.h */ = {isa = PBXFileReference; lastKnownFileType = sourcecode.c.h; path = GlanceController.h; sourceTree = "<group>"; };
		8BC7BA341AC93901000EC1C4 /* GlanceController.m */ = {isa = PBXFileReference; lastKnownFileType = sourcecode.c.objc; path = GlanceController.m; sourceTree = "<group>"; };
		8BC7BA361AC93901000EC1C4 /* Images.xcassets */ = {isa = PBXFileReference; lastKnownFileType = folder.assetcatalog; path = Images.xcassets; sourceTree = "<group>"; };
		8BC7BA3A1AC93901000EC1C4 /* FocusMap WatchKit App.app */ = {isa = PBXFileReference; explicitFileType = wrapper.application; includeInIndex = 0; path = "FocusMap WatchKit App.app"; sourceTree = BUILT_PRODUCTS_DIR; };
		8BC7BA401AC93901000EC1C4 /* Info.plist */ = {isa = PBXFileReference; lastKnownFileType = text.plist.xml; path = Info.plist; sourceTree = "<group>"; };
		8BC7BA421AC93901000EC1C4 /* Base */ = {isa = PBXFileReference; lastKnownFileType = file.storyboard; name = Base; path = Base.lproj/Interface.storyboard; sourceTree = "<group>"; };
		8BC7BA441AC93901000EC1C4 /* Images.xcassets */ = {isa = PBXFileReference; lastKnownFileType = folder.assetcatalog; path = Images.xcassets; sourceTree = "<group>"; };
		8BC7BA501AC941EE000EC1C4 /* MapInterfaceController.h */ = {isa = PBXFileReference; fileEncoding = 4; lastKnownFileType = sourcecode.c.h; path = MapInterfaceController.h; sourceTree = "<group>"; };
		8BC7BA511AC941EF000EC1C4 /* MapInterfaceController.m */ = {isa = PBXFileReference; fileEncoding = 4; lastKnownFileType = sourcecode.c.objc; path = MapInterfaceController.m; sourceTree = "<group>"; };
		8BC7BA651AC9476C000EC1C4 /* FocusMap.entitlements */ = {isa = PBXFileReference; lastKnownFileType = text.xml; path = FocusMap.entitlements; sourceTree = "<group>"; };
		8BEBD7A61AD9EC2D00EC3F82 /* EmptyTableRowInterfaceController.h */ = {isa = PBXFileReference; fileEncoding = 4; lastKnownFileType = sourcecode.c.h; path = EmptyTableRowInterfaceController.h; sourceTree = "<group>"; };
		8BEBD7A71AD9EC2D00EC3F82 /* EmptyTableRowInterfaceController.m */ = {isa = PBXFileReference; fileEncoding = 4; lastKnownFileType = sourcecode.c.objc; path = EmptyTableRowInterfaceController.m; sourceTree = "<group>"; };
		8BEEB6561AD33C32007B2954 /* MVDataManager.h */ = {isa = PBXFileReference; fileEncoding = 4; lastKnownFileType = sourcecode.c.h; path = MVDataManager.h; sourceTree = "<group>"; };
		8BEEB6571AD33C32007B2954 /* MVDataManager.m */ = {isa = PBXFileReference; fileEncoding = 4; lastKnownFileType = sourcecode.c.objc; path = MVDataManager.m; sourceTree = "<group>"; };
		8BEEB65A1AD34044007B2954 /* FocusMapKit-Prefix.pch */ = {isa = PBXFileReference; fileEncoding = 4; lastKnownFileType = sourcecode.c.h; path = "FocusMapKit-Prefix.pch"; sourceTree = "<group>"; };
		8BEEB65D1AD34BC4007B2954 /* Model.xcdatamodel */ = {isa = PBXFileReference; lastKnownFileType = wrapper.xcdatamodel; path = Model.xcdatamodel; sourceTree = "<group>"; };
		9A781F2032449F6783EB278F /* Pods.release.xcconfig */ = {isa = PBXFileReference; includeInIndex = 1; lastKnownFileType = text.xcconfig; name = Pods.release.xcconfig; path = "Pods/Target Support Files/Pods/Pods.release.xcconfig"; sourceTree = "<group>"; };
		B43C2DB020F5623854097089 /* libPods-FocusMap.a */ = {isa = PBXFileReference; explicitFileType = archive.ar; includeInIndex = 0; path = "libPods-FocusMap.a"; sourceTree = BUILT_PRODUCTS_DIR; };
		DF1CAD5E23921C40B2D0CD7F /* Pods.debug.xcconfig */ = {isa = PBXFileReference; includeInIndex = 1; lastKnownFileType = text.xcconfig; name = Pods.debug.xcconfig; path = "Pods/Target Support Files/Pods/Pods.debug.xcconfig"; sourceTree = "<group>"; };
/* End PBXFileReference section */

/* Begin PBXFrameworksBuildPhase section */
		8B2F25E51AD3205300187FD8 /* Frameworks */ = {
			isa = PBXFrameworksBuildPhase;
			buildActionMask = 2147483647;
			files = (
				A728F027B82F1A4DC3A9A86B /* libPods.a in Frameworks */,
			);
			runOnlyForDeploymentPostprocessing = 0;
		};
		8B2F25F01AD3205300187FD8 /* Frameworks */ = {
			isa = PBXFrameworksBuildPhase;
			buildActionMask = 2147483647;
			files = (
				8B2F25F41AD3205300187FD8 /* FocusMapKit.framework in Frameworks */,
			);
			runOnlyForDeploymentPostprocessing = 0;
		};
		8BC7B9F81AC938AC000EC1C4 /* Frameworks */ = {
			isa = PBXFrameworksBuildPhase;
			buildActionMask = 2147483647;
			files = (
				8B3BC7C41ACA354200A176CC /* HealthKit.framework in Frameworks */,
				F7AC4B5C9314236A0788C34A /* libPods.a in Frameworks */,
				8B2F26001AD3205300187FD8 /* FocusMapKit.framework in Frameworks */,
			);
			runOnlyForDeploymentPostprocessing = 0;
		};
		8BC7BA111AC938AC000EC1C4 /* Frameworks */ = {
			isa = PBXFrameworksBuildPhase;
			buildActionMask = 2147483647;
			files = (
			);
			runOnlyForDeploymentPostprocessing = 0;
		};
		8BC7BA251AC93901000EC1C4 /* Frameworks */ = {
			isa = PBXFrameworksBuildPhase;
			buildActionMask = 2147483647;
			files = (
				8BEEB64C1AD330DC007B2954 /* FocusMapKit.framework in Frameworks */,
				5572052D3D9EF29D3C40B217 /* libPods.a in Frameworks */,
			);
			runOnlyForDeploymentPostprocessing = 0;
		};
		AF86BD927984A36A4F8116AD /* Frameworks */ = {
			isa = PBXFrameworksBuildPhase;
			buildActionMask = 2147483647;
			files = (
			);
			runOnlyForDeploymentPostprocessing = 0;
		};
/* End PBXFrameworksBuildPhase section */

/* Begin PBXGroup section */
		8B2F25EA1AD3205300187FD8 /* FocusMapKit */ = {
			isa = PBXGroup;
			children = (
				8B2F25ED1AD3205300187FD8 /* FocusMapKit.h */,
				8B2F26091AD32C2800187FD8 /* Library */,
				8B2F26101AD32C2800187FD8 /* Models */,
				8B2F25EB1AD3205300187FD8 /* Supporting Files */,
			);
			path = FocusMapKit;
			sourceTree = "<group>";
		};
		8B2F25EB1AD3205300187FD8 /* Supporting Files */ = {
			isa = PBXGroup;
			children = (
				8BEEB65A1AD34044007B2954 /* FocusMapKit-Prefix.pch */,
				8B2F25EC1AD3205300187FD8 /* Info.plist */,
			);
			name = "Supporting Files";
			sourceTree = "<group>";
		};
		8B2F25F91AD3205300187FD8 /* FocusMapKitTests */ = {
			isa = PBXGroup;
			children = (
				8B2F25FC1AD3205300187FD8 /* FocusMapKitTests.m */,
				8B2F25FA1AD3205300187FD8 /* Supporting Files */,
			);
			path = FocusMapKitTests;
			sourceTree = "<group>";
		};
		8B2F25FA1AD3205300187FD8 /* Supporting Files */ = {
			isa = PBXGroup;
			children = (
				8B2F25FB1AD3205300187FD8 /* Info.plist */,
			);
			name = "Supporting Files";
			sourceTree = "<group>";
		};
		8B2F26091AD32C2800187FD8 /* Library */ = {
			isa = PBXGroup;
			children = (
				8BEEB6561AD33C32007B2954 /* MVDataManager.h */,
				8BEEB6571AD33C32007B2954 /* MVDataManager.m */,
				8B2F260C1AD32C2800187FD8 /* NSManagedObject+Extras.h */,
				8B2F260D1AD32C2800187FD8 /* NSManagedObject+Extras.m */,
			);
			path = Library;
			sourceTree = "<group>";
		};
		8B2F26101AD32C2800187FD8 /* Models */ = {
			isa = PBXGroup;
			children = (
				8B2F26111AD32C2800187FD8 /* _MVLocation.h */,
				8B2F26121AD32C2800187FD8 /* _MVLocation.m */,
				8B2F26131AD32C2800187FD8 /* _MVVisit.h */,
				8B2F26141AD32C2800187FD8 /* _MVVisit.m */,
				8B2F26171AD32C2800187FD8 /* MVLocation.h */,
				8B2F26181AD32C2800187FD8 /* MVLocation.m */,
				8B2F26191AD32C2800187FD8 /* MVVisit.h */,
				8B2F261A1AD32C2800187FD8 /* MVVisit.m */,
			);
			path = Models;
			sourceTree = "<group>";
		};
		8BB65C4F1AFC87460067AF7C /* Library */ = {
			isa = PBXGroup;
			children = (
				8BB65C501AFC87460067AF7C /* MVHealthKit.h */,
				8BB65C511AFC87460067AF7C /* MVHealthKit.m */,
				8BB6E6781B01439B00D161CD /* MVVisit+Extras.h */,
				8BB6E6791B01439B00D161CD /* MVVisit+Extras.m */,
				8BB65C541AFC87460067AF7C /* MVLocationManager.h */,
				8BB65C551AFC87460067AF7C /* MVLocationManager.m */,
			);
			path = Library;
			sourceTree = "<group>";
		};
		8BC7B9F21AC938AC000EC1C4 = {
			isa = PBXGroup;
			children = (
				8BC7B9FD1AC938AC000EC1C4 /* FocusMap */,
				8BC7BA3E1AC93901000EC1C4 /* FocusMap WatchKit App */,
				8BC7BA291AC93901000EC1C4 /* FocusMap WatchKit Extension */,
				8B2F25EA1AD3205300187FD8 /* FocusMapKit */,
				8B2F25F91AD3205300187FD8 /* FocusMapKitTests */,
				8BC7BA171AC938AC000EC1C4 /* FocusMapTests */,
				E348BADA165BB8DBC5E131C1 /* Frameworks */,
				CE82198A3D4485FFE95787A2 /* Pods */,
				8BC7B9FC1AC938AC000EC1C4 /* Products */,
			);
			sourceTree = "<group>";
		};
		8BC7B9FC1AC938AC000EC1C4 /* Products */ = {
			isa = PBXGroup;
			children = (
				8BC7B9FB1AC938AC000EC1C4 /* FocusMap.app */,
				8BC7BA141AC938AC000EC1C4 /* FocusMapTests.xctest */,
				8BC7BA281AC93901000EC1C4 /* FocusMap WatchKit Extension.appex */,
				8BC7BA3A1AC93901000EC1C4 /* FocusMap WatchKit App.app */,
				8B2F25E91AD3205300187FD8 /* FocusMapKit.framework */,
				8B2F25F31AD3205300187FD8 /* FocusMapKitTests.xctest */,
			);
			name = Products;
			sourceTree = "<group>";
		};
		8BC7B9FD1AC938AC000EC1C4 /* FocusMap */ = {
			isa = PBXGroup;
			children = (
				8BC7BA021AC938AC000EC1C4 /* AppDelegate.h */,
				8BC7BA031AC938AC000EC1C4 /* AppDelegate.m */,
				8BC7BA651AC9476C000EC1C4 /* FocusMap.entitlements */,
				8BC7BA0B1AC938AC000EC1C4 /* Images.xcassets */,
				8BC7BA0D1AC938AC000EC1C4 /* LaunchScreen.xib */,
				8BB65C4F1AFC87460067AF7C /* Library */,
				8BC7BA081AC938AC000EC1C4 /* Main.storyboard */,
				8BEEB65C1AD34BC4007B2954 /* Model.xcdatamodeld */,
				8BC7B9FE1AC938AC000EC1C4 /* Supporting Files */,
				8BC7BA051AC938AC000EC1C4 /* ViewController.h */,
				8BC7BA061AC938AC000EC1C4 /* ViewController.m */,
			);
			path = FocusMap;
			sourceTree = "<group>";
		};
		8BC7B9FE1AC938AC000EC1C4 /* Supporting Files */ = {
			isa = PBXGroup;
			children = (
				8BC7B9FF1AC938AC000EC1C4 /* Info.plist */,
				8BC7BA001AC938AC000EC1C4 /* main.m */,
				8B3BC7C71ACA37A000A176CC /* FocusMap-Prefix.pch */,
			);
			name = "Supporting Files";
			sourceTree = "<group>";
		};
		8BC7BA171AC938AC000EC1C4 /* FocusMapTests */ = {
			isa = PBXGroup;
			children = (
				8BC7BA1A1AC938AC000EC1C4 /* FocusMapTests.m */,
				8BC7BA181AC938AC000EC1C4 /* Supporting Files */,
			);
			path = FocusMapTests;
			sourceTree = "<group>";
		};
		8BC7BA181AC938AC000EC1C4 /* Supporting Files */ = {
			isa = PBXGroup;
			children = (
				8BC7BA191AC938AC000EC1C4 /* Info.plist */,
			);
			name = "Supporting Files";
			sourceTree = "<group>";
		};
		8BC7BA291AC93901000EC1C4 /* FocusMap WatchKit Extension */ = {
			isa = PBXGroup;
			children = (
				8BEBD7A61AD9EC2D00EC3F82 /* EmptyTableRowInterfaceController.h */,
				8BEBD7A71AD9EC2D00EC3F82 /* EmptyTableRowInterfaceController.m */,
				8B4508E31ACE1CEE00D18587 /* FocusMap WatchKit Extension.entitlements */,
				8BC7BA331AC93901000EC1C4 /* GlanceController.h */,
				8BC7BA341AC93901000EC1C4 /* GlanceController.m */,
				8BC7BA361AC93901000EC1C4 /* Images.xcassets */,
				8BC7BA501AC941EE000EC1C4 /* MapInterfaceController.h */,
				8BC7BA511AC941EF000EC1C4 /* MapInterfaceController.m */,
				8BC7BA301AC93901000EC1C4 /* NotificationController.h */,
				8BC7BA311AC93901000EC1C4 /* NotificationController.m */,
				8BC7BA2A1AC93901000EC1C4 /* Supporting Files */,
				8B3BC7C01ACA04DD00A176CC /* TableInterfaceController.h */,
				8B3BC7C11ACA04DD00A176CC /* TableInterfaceController.m */,
				8B26459D1AD21A6100B16D3B /* TableRowInterfaceController.h */,
				8B26459E1AD21A6100B16D3B /* TableRowInterfaceController.m */,
			);
			path = "FocusMap WatchKit Extension";
			sourceTree = "<group>";
		};
		8BC7BA2A1AC93901000EC1C4 /* Supporting Files */ = {
			isa = PBXGroup;
			children = (
				8BC7BA2B1AC93901000EC1C4 /* Info.plist */,
				8BC7BA2C1AC93901000EC1C4 /* PushNotificationPayload.apns */,
			);
			name = "Supporting Files";
			sourceTree = "<group>";
		};
		8BC7BA3E1AC93901000EC1C4 /* FocusMap WatchKit App */ = {
			isa = PBXGroup;
			children = (
				8BC7BA411AC93901000EC1C4 /* Interface.storyboard */,
				8BC7BA441AC93901000EC1C4 /* Images.xcassets */,
				8BC7BA3F1AC93901000EC1C4 /* Supporting Files */,
			);
			path = "FocusMap WatchKit App";
			sourceTree = "<group>";
		};
		8BC7BA3F1AC93901000EC1C4 /* Supporting Files */ = {
			isa = PBXGroup;
			children = (
				8BC7BA401AC93901000EC1C4 /* Info.plist */,
			);
			name = "Supporting Files";
			sourceTree = "<group>";
		};
		CE82198A3D4485FFE95787A2 /* Pods */ = {
			isa = PBXGroup;
			children = (
				DF1CAD5E23921C40B2D0CD7F /* Pods.debug.xcconfig */,
				9A781F2032449F6783EB278F /* Pods.release.xcconfig */,
			);
			name = Pods;
			sourceTree = "<group>";
		};
		E348BADA165BB8DBC5E131C1 /* Frameworks */ = {
			isa = PBXGroup;
			children = (
				8B3BC7C51ACA371500A176CC /* CoreData.framework */,
				8B3BC7C31ACA354200A176CC /* HealthKit.framework */,
				00B30C4EFF1A4BA403E16D04 /* libPods.a */,
				B43C2DB020F5623854097089 /* libPods-FocusMap.a */,
				22CCD49310751B0D7BC1E2AD /* libPods-FocusMapKit.a */,
			);
			name = Frameworks;
			sourceTree = "<group>";
		};
/* End PBXGroup section */

/* Begin PBXHeadersBuildPhase section */
		8B2F25E61AD3205300187FD8 /* Headers */ = {
			isa = PBXHeadersBuildPhase;
			buildActionMask = 2147483647;
			files = (
				8BEEB65B1AD34044007B2954 /* FocusMapKit-Prefix.pch in Headers */,
				8B2F25EE1AD3205300187FD8 /* FocusMapKit.h in Headers */,
				8B2F26231AD32C2800187FD8 /* _MVVisit.h in Headers */,
				8B2F26211AD32C2800187FD8 /* _MVLocation.h in Headers */,
				8B2F261D1AD32C2800187FD8 /* NSManagedObject+Extras.h in Headers */,
				8B2F26261AD32C2800187FD8 /* MVLocation.h in Headers */,
				8B2F26281AD32C2800187FD8 /* MVVisit.h in Headers */,
				8BEEB6581AD33C32007B2954 /* MVDataManager.h in Headers */,
			);
			runOnlyForDeploymentPostprocessing = 0;
		};
/* End PBXHeadersBuildPhase section */

/* Begin PBXNativeTarget section */
		8B2F25E81AD3205300187FD8 /* FocusMapKit */ = {
			isa = PBXNativeTarget;
			buildConfigurationList = 8B2F26061AD3205400187FD8 /* Build configuration list for PBXNativeTarget "FocusMapKit" */;
			buildPhases = (
				1E036F645908E44EABE6949F /* Check Pods Manifest.lock */,
				8B2F25E41AD3205300187FD8 /* Sources */,
				8B2F25E51AD3205300187FD8 /* Frameworks */,
				8B2F25E61AD3205300187FD8 /* Headers */,
				8B2F25E71AD3205300187FD8 /* Resources */,
				2081B7702EB78A066EC48EC9 /* Copy Pods Resources */,
			);
			buildRules = (
			);
			dependencies = (
			);
			name = FocusMapKit;
			productName = FocusMapKit;
			productReference = 8B2F25E91AD3205300187FD8 /* FocusMapKit.framework */;
			productType = "com.apple.product-type.framework";
		};
		8B2F25F21AD3205300187FD8 /* FocusMapKitTests */ = {
			isa = PBXNativeTarget;
			buildConfigurationList = 8B2F26081AD3205400187FD8 /* Build configuration list for PBXNativeTarget "FocusMapKitTests" */;
			buildPhases = (
				8B2F25EF1AD3205300187FD8 /* Sources */,
				8B2F25F01AD3205300187FD8 /* Frameworks */,
				8B2F25F11AD3205300187FD8 /* Resources */,
			);
			buildRules = (
			);
			dependencies = (
				8B2F25F61AD3205300187FD8 /* PBXTargetDependency */,
				8B2F25F81AD3205300187FD8 /* PBXTargetDependency */,
			);
			name = FocusMapKitTests;
			productName = FocusMapKitTests;
			productReference = 8B2F25F31AD3205300187FD8 /* FocusMapKitTests.xctest */;
			productType = "com.apple.product-type.bundle.unit-test";
		};
		8BC7B9FA1AC938AC000EC1C4 /* FocusMap */ = {
			isa = PBXNativeTarget;
			buildConfigurationList = 8BC7BA1E1AC938AC000EC1C4 /* Build configuration list for PBXNativeTarget "FocusMap" */;
			buildPhases = (
				AAD20544E1AA3598510CE147 /* Check Pods Manifest.lock */,
				8BC7B9F71AC938AC000EC1C4 /* Sources */,
				8BC7B9F81AC938AC000EC1C4 /* Frameworks */,
				8BC7B9F91AC938AC000EC1C4 /* Resources */,
				8BC7BA4F1AC93901000EC1C4 /* Embed App Extensions */,
				D338A94EE249628F2321D253 /* Copy Pods Resources */,
				8B2F26071AD3205400187FD8 /* Embed Frameworks */,
			);
			buildRules = (
			);
			dependencies = (
				8BC7BA471AC93901000EC1C4 /* PBXTargetDependency */,
				8B2F25FF1AD3205300187FD8 /* PBXTargetDependency */,
			);
			name = FocusMap;
			productName = FocusMap;
			productReference = 8BC7B9FB1AC938AC000EC1C4 /* FocusMap.app */;
			productType = "com.apple.product-type.application";
		};
		8BC7BA131AC938AC000EC1C4 /* FocusMapTests */ = {
			isa = PBXNativeTarget;
			buildConfigurationList = 8BC7BA211AC938AC000EC1C4 /* Build configuration list for PBXNativeTarget "FocusMapTests" */;
			buildPhases = (
				8BC7BA101AC938AC000EC1C4 /* Sources */,
				8BC7BA111AC938AC000EC1C4 /* Frameworks */,
				8BC7BA121AC938AC000EC1C4 /* Resources */,
			);
			buildRules = (
			);
			dependencies = (
				8BC7BA161AC938AC000EC1C4 /* PBXTargetDependency */,
			);
			name = FocusMapTests;
			productName = FocusMapTests;
			productReference = 8BC7BA141AC938AC000EC1C4 /* FocusMapTests.xctest */;
			productType = "com.apple.product-type.bundle.unit-test";
		};
		8BC7BA271AC93901000EC1C4 /* FocusMap WatchKit Extension */ = {
			isa = PBXNativeTarget;
			buildConfigurationList = 8BC7BA4C1AC93901000EC1C4 /* Build configuration list for PBXNativeTarget "FocusMap WatchKit Extension" */;
			buildPhases = (
				8B4687A477B3A39776D7BF84 /* Check Pods Manifest.lock */,
				8BC7BA241AC93901000EC1C4 /* Sources */,
				8BC7BA251AC93901000EC1C4 /* Frameworks */,
				8BC7BA261AC93901000EC1C4 /* Resources */,
				452557AC42A495EA2AD821BC /* Copy Pods Resources */,
			);
			buildRules = (
			);
			dependencies = (
				8BC7BA3D1AC93901000EC1C4 /* PBXTargetDependency */,
			);
			name = "FocusMap WatchKit Extension";
			productName = "FocusMap WatchKit Extension";
			productReference = 8BC7BA281AC93901000EC1C4 /* FocusMap WatchKit Extension.appex */;
			productType = "com.apple.product-type.watchkit-extension";
		};
		8BC7BA391AC93901000EC1C4 /* FocusMap WatchKit App */ = {
			isa = PBXNativeTarget;
			buildConfigurationList = 8BC7BA491AC93901000EC1C4 /* Build configuration list for PBXNativeTarget "FocusMap WatchKit App" */;
			buildPhases = (
				8BC7BA381AC93901000EC1C4 /* Resources */,
				AF86BD927984A36A4F8116AD /* Frameworks */,
			);
			buildRules = (
			);
			dependencies = (
			);
			name = "FocusMap WatchKit App";
			productName = "FocusMap WatchKit App";
			productReference = 8BC7BA3A1AC93901000EC1C4 /* FocusMap WatchKit App.app */;
			productType = "com.apple.product-type.application.watchapp";
		};
/* End PBXNativeTarget section */

/* Begin PBXProject section */
		8BC7B9F31AC938AC000EC1C4 /* Project object */ = {
			isa = PBXProject;
			attributes = {
				LastUpgradeCheck = 0630;
				ORGANIZATIONNAME = "More Voltage";
				TargetAttributes = {
					8B2F25E81AD3205300187FD8 = {
						CreatedOnToolsVersion = 6.3;
						DevelopmentTeam = NNRNHY2N8B;
					};
					8B2F25F21AD3205300187FD8 = {
						CreatedOnToolsVersion = 6.3;
						TestTargetID = 8BC7B9FA1AC938AC000EC1C4;
					};
					8B7A73811ACB58EF002523C3 = {
						CreatedOnToolsVersion = 6.3;
					};
					8BC7B9FA1AC938AC000EC1C4 = {
						CreatedOnToolsVersion = 6.3;
						DevelopmentTeam = NNRNHY2N8B;
						SystemCapabilities = {
							com.apple.ApplicationGroups.iOS = {
								enabled = 1;
							};
							com.apple.BackgroundModes = {
								enabled = 1;
							};
							com.apple.HealthKit = {
								enabled = 1;
							};
							com.apple.Maps.iOS = {
								enabled = 0;
							};
						};
					};
					8BC7BA131AC938AC000EC1C4 = {
						CreatedOnToolsVersion = 6.3;
						TestTargetID = 8BC7B9FA1AC938AC000EC1C4;
					};
					8BC7BA271AC93901000EC1C4 = {
						CreatedOnToolsVersion = 6.3;
						DevelopmentTeam = NNRNHY2N8B;
						SystemCapabilities = {
							com.apple.ApplicationGroups.iOS = {
								enabled = 1;
							};
							com.apple.HealthKit = {
								enabled = 0;
							};
							com.apple.Maps.iOS = {
								enabled = 1;
							};
						};
					};
					8BC7BA391AC93901000EC1C4 = {
						CreatedOnToolsVersion = 6.3;
						DevelopmentTeam = NNRNHY2N8B;
					};
				};
			};
			buildConfigurationList = 8BC7B9F61AC938AC000EC1C4 /* Build configuration list for PBXProject "FocusMap" */;
			compatibilityVersion = "Xcode 3.2";
			developmentRegion = English;
			hasScannedForEncodings = 0;
			knownRegions = (
				en,
				Base,
			);
			mainGroup = 8BC7B9F21AC938AC000EC1C4;
			productRefGroup = 8BC7B9FC1AC938AC000EC1C4 /* Products */;
			projectDirPath = "";
			projectRoot = "";
			targets = (
				8BC7B9FA1AC938AC000EC1C4 /* FocusMap */,
				8BC7BA131AC938AC000EC1C4 /* FocusMapTests */,
				8BC7BA271AC93901000EC1C4 /* FocusMap WatchKit Extension */,
				8BC7BA391AC93901000EC1C4 /* FocusMap WatchKit App */,
				8B7A73811ACB58EF002523C3 /* Mogenerator */,
				8B2F25E81AD3205300187FD8 /* FocusMapKit */,
				8B2F25F21AD3205300187FD8 /* FocusMapKitTests */,
			);
		};
/* End PBXProject section */

/* Begin PBXResourcesBuildPhase section */
		8B2F25E71AD3205300187FD8 /* Resources */ = {
			isa = PBXResourcesBuildPhase;
			buildActionMask = 2147483647;
			files = (
			);
			runOnlyForDeploymentPostprocessing = 0;
		};
		8B2F25F11AD3205300187FD8 /* Resources */ = {
			isa = PBXResourcesBuildPhase;
			buildActionMask = 2147483647;
			files = (
			);
			runOnlyForDeploymentPostprocessing = 0;
		};
		8BC7B9F91AC938AC000EC1C4 /* Resources */ = {
			isa = PBXResourcesBuildPhase;
			buildActionMask = 2147483647;
			files = (
				8BC7BA0A1AC938AC000EC1C4 /* Main.storyboard in Resources */,
				8BC7BA0F1AC938AC000EC1C4 /* LaunchScreen.xib in Resources */,
				8BC7BA0C1AC938AC000EC1C4 /* Images.xcassets in Resources */,
			);
			runOnlyForDeploymentPostprocessing = 0;
		};
		8BC7BA121AC938AC000EC1C4 /* Resources */ = {
			isa = PBXResourcesBuildPhase;
			buildActionMask = 2147483647;
			files = (
			);
			runOnlyForDeploymentPostprocessing = 0;
		};
		8BC7BA261AC93901000EC1C4 /* Resources */ = {
			isa = PBXResourcesBuildPhase;
			buildActionMask = 2147483647;
			files = (
				8BEEB65F1AD34D2F007B2954 /* Model.xcdatamodeld in Resources */,
				8BC7BA3B1AC93901000EC1C4 /* FocusMap WatchKit App.app in Resources */,
				8BC7BA371AC93901000EC1C4 /* Images.xcassets in Resources */,
			);
			runOnlyForDeploymentPostprocessing = 0;
		};
		8BC7BA381AC93901000EC1C4 /* Resources */ = {
			isa = PBXResourcesBuildPhase;
			buildActionMask = 2147483647;
			files = (
				8BC7BA431AC93901000EC1C4 /* Interface.storyboard in Resources */,
				8BC7BA451AC93901000EC1C4 /* Images.xcassets in Resources */,
			);
			runOnlyForDeploymentPostprocessing = 0;
		};
/* End PBXResourcesBuildPhase section */

/* Begin PBXShellScriptBuildPhase section */
		1E036F645908E44EABE6949F /* Check Pods Manifest.lock */ = {
			isa = PBXShellScriptBuildPhase;
			buildActionMask = 2147483647;
			files = (
			);
			inputPaths = (
			);
			name = "Check Pods Manifest.lock";
			outputPaths = (
			);
			runOnlyForDeploymentPostprocessing = 0;
			shellPath = /bin/sh;
			shellScript = "diff \"${PODS_ROOT}/../Podfile.lock\" \"${PODS_ROOT}/Manifest.lock\" > /dev/null\nif [[ $? != 0 ]] ; then\n    cat << EOM\nerror: The sandbox is not in sync with the Podfile.lock. Run 'pod install' or update your CocoaPods installation.\nEOM\n    exit 1\nfi\n";
			showEnvVarsInLog = 0;
		};
		2081B7702EB78A066EC48EC9 /* Copy Pods Resources */ = {
			isa = PBXShellScriptBuildPhase;
			buildActionMask = 2147483647;
			files = (
			);
			inputPaths = (
			);
			name = "Copy Pods Resources";
			outputPaths = (
			);
			runOnlyForDeploymentPostprocessing = 0;
			shellPath = /bin/sh;
			shellScript = "\"${SRCROOT}/Pods/Target Support Files/Pods/Pods-resources.sh\"\n";
			showEnvVarsInLog = 0;
		};
		452557AC42A495EA2AD821BC /* Copy Pods Resources */ = {
			isa = PBXShellScriptBuildPhase;
			buildActionMask = 2147483647;
			files = (
			);
			inputPaths = (
			);
			name = "Copy Pods Resources";
			outputPaths = (
			);
			runOnlyForDeploymentPostprocessing = 0;
			shellPath = /bin/sh;
			shellScript = "\"${SRCROOT}/Pods/Target Support Files/Pods/Pods-resources.sh\"\n";
			showEnvVarsInLog = 0;
		};
		8B4687A477B3A39776D7BF84 /* Check Pods Manifest.lock */ = {
			isa = PBXShellScriptBuildPhase;
			buildActionMask = 2147483647;
			files = (
			);
			inputPaths = (
			);
			name = "Check Pods Manifest.lock";
			outputPaths = (
			);
			runOnlyForDeploymentPostprocessing = 0;
			shellPath = /bin/sh;
			shellScript = "diff \"${PODS_ROOT}/../Podfile.lock\" \"${PODS_ROOT}/Manifest.lock\" > /dev/null\nif [[ $? != 0 ]] ; then\n    cat << EOM\nerror: The sandbox is not in sync with the Podfile.lock. Run 'pod install' or update your CocoaPods installation.\nEOM\n    exit 1\nfi\n";
			showEnvVarsInLog = 0;
		};
		8B7A73851ACB5902002523C3 /* ShellScript */ = {
			isa = PBXShellScriptBuildPhase;
			buildActionMask = 2147483647;
			files = (
			);
			inputPaths = (
			);
			outputPaths = (
			);
			runOnlyForDeploymentPostprocessing = 0;
			shellPath = /bin/sh;
			shellScript = "PATH=${PATH}:/usr/local/bin\nmogenerator -m FocusMap/Model.xcdatamodeld -O FocusMapKit/Models --template-var arc=true";
		};
		AAD20544E1AA3598510CE147 /* Check Pods Manifest.lock */ = {
			isa = PBXShellScriptBuildPhase;
			buildActionMask = 2147483647;
			files = (
			);
			inputPaths = (
			);
			name = "Check Pods Manifest.lock";
			outputPaths = (
			);
			runOnlyForDeploymentPostprocessing = 0;
			shellPath = /bin/sh;
			shellScript = "diff \"${PODS_ROOT}/../Podfile.lock\" \"${PODS_ROOT}/Manifest.lock\" > /dev/null\nif [[ $? != 0 ]] ; then\n    cat << EOM\nerror: The sandbox is not in sync with the Podfile.lock. Run 'pod install' or update your CocoaPods installation.\nEOM\n    exit 1\nfi\n";
			showEnvVarsInLog = 0;
		};
		D338A94EE249628F2321D253 /* Copy Pods Resources */ = {
			isa = PBXShellScriptBuildPhase;
			buildActionMask = 2147483647;
			files = (
			);
			inputPaths = (
			);
			name = "Copy Pods Resources";
			outputPaths = (
			);
			runOnlyForDeploymentPostprocessing = 0;
			shellPath = /bin/sh;
			shellScript = "\"${SRCROOT}/Pods/Target Support Files/Pods/Pods-resources.sh\"\n";
			showEnvVarsInLog = 0;
		};
/* End PBXShellScriptBuildPhase section */

/* Begin PBXSourcesBuildPhase section */
		8B2F25E41AD3205300187FD8 /* Sources */ = {
			isa = PBXSourcesBuildPhase;
			buildActionMask = 2147483647;
			files = (
				8BEEB6591AD33C32007B2954 /* MVDataManager.m in Sources */,
				8B2F261E1AD32C2800187FD8 /* NSManagedObject+Extras.m in Sources */,
				8B2F26271AD32C2800187FD8 /* MVLocation.m in Sources */,
				8B2F26241AD32C2800187FD8 /* _MVVisit.m in Sources */,
				8B2F26221AD32C2800187FD8 /* _MVLocation.m in Sources */,
				8B2F26291AD32C2800187FD8 /* MVVisit.m in Sources */,
			);
			runOnlyForDeploymentPostprocessing = 0;
		};
		8B2F25EF1AD3205300187FD8 /* Sources */ = {
			isa = PBXSourcesBuildPhase;
			buildActionMask = 2147483647;
			files = (
				8B2F25FD1AD3205300187FD8 /* FocusMapKitTests.m in Sources */,
			);
			runOnlyForDeploymentPostprocessing = 0;
		};
		8BC7B9F71AC938AC000EC1C4 /* Sources */ = {
			isa = PBXSourcesBuildPhase;
			buildActionMask = 2147483647;
			files = (
				8BB65C581AFC87460067AF7C /* MVLocationManager.m in Sources */,
				8BC7BA071AC938AC000EC1C4 /* ViewController.m in Sources */,
				8BB65C561AFC87460067AF7C /* MVHealthKit.m in Sources */,
				8BC7BA041AC938AC000EC1C4 /* AppDelegate.m in Sources */,
				8BC7BA011AC938AC000EC1C4 /* main.m in Sources */,
				8BEEB65E1AD34BC4007B2954 /* Model.xcdatamodeld in Sources */,
				8BB6E67A1B01439B00D161CD /* MVVisit+Extras.m in Sources */,
			);
			runOnlyForDeploymentPostprocessing = 0;
		};
		8BC7BA101AC938AC000EC1C4 /* Sources */ = {
			isa = PBXSourcesBuildPhase;
			buildActionMask = 2147483647;
			files = (
				8BC7BA1B1AC938AC000EC1C4 /* FocusMapTests.m in Sources */,
			);
			runOnlyForDeploymentPostprocessing = 0;
		};
		8BC7BA241AC93901000EC1C4 /* Sources */ = {
			isa = PBXSourcesBuildPhase;
			buildActionMask = 2147483647;
			files = (
				8BC7BA321AC93901000EC1C4 /* NotificationController.m in Sources */,
				8B3BC7C21ACA04DD00A176CC /* TableInterfaceController.m in Sources */,
				8BC7BA521AC941EF000EC1C4 /* MapInterfaceController.m in Sources */,
				8BEBD7A81AD9EC2D00EC3F82 /* EmptyTableRowInterfaceController.m in Sources */,
				8BC7BA351AC93901000EC1C4 /* GlanceController.m in Sources */,
				8B26459F1AD21A6100B16D3B /* TableRowInterfaceController.m in Sources */,
			);
			runOnlyForDeploymentPostprocessing = 0;
		};
/* End PBXSourcesBuildPhase section */

/* Begin PBXTargetDependency section */
		8B2F25F61AD3205300187FD8 /* PBXTargetDependency */ = {
			isa = PBXTargetDependency;
			target = 8B2F25E81AD3205300187FD8 /* FocusMapKit */;
			targetProxy = 8B2F25F51AD3205300187FD8 /* PBXContainerItemProxy */;
		};
		8B2F25F81AD3205300187FD8 /* PBXTargetDependency */ = {
			isa = PBXTargetDependency;
			target = 8BC7B9FA1AC938AC000EC1C4 /* FocusMap */;
			targetProxy = 8B2F25F71AD3205300187FD8 /* PBXContainerItemProxy */;
		};
		8B2F25FF1AD3205300187FD8 /* PBXTargetDependency */ = {
			isa = PBXTargetDependency;
			target = 8B2F25E81AD3205300187FD8 /* FocusMapKit */;
			targetProxy = 8B2F25FE1AD3205300187FD8 /* PBXContainerItemProxy */;
		};
		8BC7BA161AC938AC000EC1C4 /* PBXTargetDependency */ = {
			isa = PBXTargetDependency;
			target = 8BC7B9FA1AC938AC000EC1C4 /* FocusMap */;
			targetProxy = 8BC7BA151AC938AC000EC1C4 /* PBXContainerItemProxy */;
		};
		8BC7BA3D1AC93901000EC1C4 /* PBXTargetDependency */ = {
			isa = PBXTargetDependency;
			target = 8BC7BA391AC93901000EC1C4 /* FocusMap WatchKit App */;
			targetProxy = 8BC7BA3C1AC93901000EC1C4 /* PBXContainerItemProxy */;
		};
		8BC7BA471AC93901000EC1C4 /* PBXTargetDependency */ = {
			isa = PBXTargetDependency;
			target = 8BC7BA271AC93901000EC1C4 /* FocusMap WatchKit Extension */;
			targetProxy = 8BC7BA461AC93901000EC1C4 /* PBXContainerItemProxy */;
		};
/* End PBXTargetDependency section */

/* Begin PBXVariantGroup section */
		8BC7BA081AC938AC000EC1C4 /* Main.storyboard */ = {
			isa = PBXVariantGroup;
			children = (
				8BC7BA091AC938AC000EC1C4 /* Base */,
			);
			name = Main.storyboard;
			sourceTree = "<group>";
		};
		8BC7BA0D1AC938AC000EC1C4 /* LaunchScreen.xib */ = {
			isa = PBXVariantGroup;
			children = (
				8BC7BA0E1AC938AC000EC1C4 /* Base */,
			);
			name = LaunchScreen.xib;
			sourceTree = "<group>";
		};
		8BC7BA411AC93901000EC1C4 /* Interface.storyboard */ = {
			isa = PBXVariantGroup;
			children = (
				8BC7BA421AC93901000EC1C4 /* Base */,
			);
			name = Interface.storyboard;
			sourceTree = "<group>";
		};
/* End PBXVariantGroup section */

/* Begin XCBuildConfiguration section */
		8B2F26021AD3205400187FD8 /* Debug */ = {
			isa = XCBuildConfiguration;
			baseConfigurationReference = DF1CAD5E23921C40B2D0CD7F /* Pods.debug.xcconfig */;
			buildSettings = {
				APPLICATION_EXTENSION_API_ONLY = YES;
				CURRENT_PROJECT_VERSION = 1;
				DEFINES_MODULE = YES;
				DYLIB_COMPATIBILITY_VERSION = 1;
				DYLIB_CURRENT_VERSION = 1;
				DYLIB_INSTALL_NAME_BASE = "@rpath";
				GCC_PRECOMPILE_PREFIX_HEADER = YES;
				GCC_PREFIX_HEADER = "FocusMapKit/FocusMapKit-Prefix.pch";
				GCC_PREPROCESSOR_DEFINITIONS = (
					"DEBUG=1",
					"$(inherited)",
				);
				INFOPLIST_FILE = FocusMapKit/Info.plist;
				INSTALL_PATH = "$(LOCAL_LIBRARY_DIR)/Frameworks";
				LD_RUNPATH_SEARCH_PATHS = "$(inherited) @executable_path/Frameworks @loader_path/Frameworks";
				PRODUCT_NAME = "$(TARGET_NAME)";
				SKIP_INSTALL = YES;
				VERSIONING_SYSTEM = "apple-generic";
				VERSION_INFO_PREFIX = "";
			};
			name = Debug;
		};
		8B2F26031AD3205400187FD8 /* Release */ = {
			isa = XCBuildConfiguration;
			baseConfigurationReference = 9A781F2032449F6783EB278F /* Pods.release.xcconfig */;
			buildSettings = {
				APPLICATION_EXTENSION_API_ONLY = YES;
				CURRENT_PROJECT_VERSION = 1;
				DEFINES_MODULE = YES;
				DYLIB_COMPATIBILITY_VERSION = 1;
				DYLIB_CURRENT_VERSION = 1;
				DYLIB_INSTALL_NAME_BASE = "@rpath";
				GCC_PRECOMPILE_PREFIX_HEADER = YES;
				GCC_PREFIX_HEADER = "FocusMapKit/FocusMapKit-Prefix.pch";
				INFOPLIST_FILE = FocusMapKit/Info.plist;
				INSTALL_PATH = "$(LOCAL_LIBRARY_DIR)/Frameworks";
				LD_RUNPATH_SEARCH_PATHS = "$(inherited) @executable_path/Frameworks @loader_path/Frameworks";
				PRODUCT_NAME = "$(TARGET_NAME)";
				SKIP_INSTALL = YES;
				VERSIONING_SYSTEM = "apple-generic";
				VERSION_INFO_PREFIX = "";
			};
			name = Release;
		};
		8B2F26041AD3205400187FD8 /* Debug */ = {
			isa = XCBuildConfiguration;
			buildSettings = {
				FRAMEWORK_SEARCH_PATHS = (
					"$(SDKROOT)/Developer/Library/Frameworks",
					"$(inherited)",
				);
				GCC_PREPROCESSOR_DEFINITIONS = (
					"DEBUG=1",
					"$(inherited)",
				);
				INFOPLIST_FILE = FocusMapKitTests/Info.plist;
				LD_RUNPATH_SEARCH_PATHS = "$(inherited) @executable_path/Frameworks @loader_path/Frameworks";
				PRODUCT_NAME = "$(TARGET_NAME)";
				TEST_HOST = "$(BUILT_PRODUCTS_DIR)/FocusMap.app/FocusMap";
			};
			name = Debug;
		};
		8B2F26051AD3205400187FD8 /* Release */ = {
			isa = XCBuildConfiguration;
			buildSettings = {
				FRAMEWORK_SEARCH_PATHS = (
					"$(SDKROOT)/Developer/Library/Frameworks",
					"$(inherited)",
				);
				INFOPLIST_FILE = FocusMapKitTests/Info.plist;
				LD_RUNPATH_SEARCH_PATHS = "$(inherited) @executable_path/Frameworks @loader_path/Frameworks";
				PRODUCT_NAME = "$(TARGET_NAME)";
				TEST_HOST = "$(BUILT_PRODUCTS_DIR)/FocusMap.app/FocusMap";
			};
			name = Release;
		};
		8B7A73831ACB58F0002523C3 /* Debug */ = {
			isa = XCBuildConfiguration;
			buildSettings = {
				PRODUCT_NAME = "$(TARGET_NAME)";
			};
			name = Debug;
		};
		8B7A73841ACB58F0002523C3 /* Release */ = {
			isa = XCBuildConfiguration;
			buildSettings = {
				PRODUCT_NAME = "$(TARGET_NAME)";
			};
			name = Release;
		};
		8BC7BA1C1AC938AC000EC1C4 /* Debug */ = {
			isa = XCBuildConfiguration;
			buildSettings = {
				ALWAYS_SEARCH_USER_PATHS = NO;
				CLANG_CXX_LANGUAGE_STANDARD = "gnu++0x";
				CLANG_CXX_LIBRARY = "libc++";
				CLANG_ENABLE_MODULES = YES;
				CLANG_ENABLE_OBJC_ARC = YES;
				CLANG_WARN_BOOL_CONVERSION = YES;
				CLANG_WARN_CONSTANT_CONVERSION = YES;
				CLANG_WARN_DIRECT_OBJC_ISA_USAGE = YES_ERROR;
				CLANG_WARN_EMPTY_BODY = YES;
				CLANG_WARN_ENUM_CONVERSION = YES;
				CLANG_WARN_INT_CONVERSION = YES;
				CLANG_WARN_OBJC_ROOT_CLASS = YES_ERROR;
				CLANG_WARN_UNREACHABLE_CODE = YES;
				CLANG_WARN__DUPLICATE_METHOD_MATCH = YES;
				"CODE_SIGN_IDENTITY[sdk=iphoneos*]" = "iPhone Developer";
				COPY_PHASE_STRIP = NO;
				DEBUG_INFORMATION_FORMAT = "dwarf-with-dsym";
				ENABLE_STRICT_OBJC_MSGSEND = YES;
				GCC_C_LANGUAGE_STANDARD = gnu99;
				GCC_DYNAMIC_NO_PIC = NO;
				GCC_NO_COMMON_BLOCKS = YES;
				GCC_OPTIMIZATION_LEVEL = 0;
				GCC_PREPROCESSOR_DEFINITIONS = (
					"DEBUG=1",
					"$(inherited)",
				);
				GCC_SYMBOLS_PRIVATE_EXTERN = NO;
				GCC_WARN_64_TO_32_BIT_CONVERSION = YES;
				GCC_WARN_ABOUT_RETURN_TYPE = YES_ERROR;
				GCC_WARN_UNDECLARED_SELECTOR = YES;
				GCC_WARN_UNINITIALIZED_AUTOS = YES_AGGRESSIVE;
				GCC_WARN_UNUSED_FUNCTION = YES;
				GCC_WARN_UNUSED_VARIABLE = YES;
				IPHONEOS_DEPLOYMENT_TARGET = 8.3;
				MTL_ENABLE_DEBUG_INFO = YES;
				ONLY_ACTIVE_ARCH = YES;
				SDKROOT = iphoneos;
				TARGETED_DEVICE_FAMILY = "1,2";
			};
			name = Debug;
		};
		8BC7BA1D1AC938AC000EC1C4 /* Release */ = {
			isa = XCBuildConfiguration;
			buildSettings = {
				ALWAYS_SEARCH_USER_PATHS = NO;
				CLANG_CXX_LANGUAGE_STANDARD = "gnu++0x";
				CLANG_CXX_LIBRARY = "libc++";
				CLANG_ENABLE_MODULES = YES;
				CLANG_ENABLE_OBJC_ARC = YES;
				CLANG_WARN_BOOL_CONVERSION = YES;
				CLANG_WARN_CONSTANT_CONVERSION = YES;
				CLANG_WARN_DIRECT_OBJC_ISA_USAGE = YES_ERROR;
				CLANG_WARN_EMPTY_BODY = YES;
				CLANG_WARN_ENUM_CONVERSION = YES;
				CLANG_WARN_INT_CONVERSION = YES;
				CLANG_WARN_OBJC_ROOT_CLASS = YES_ERROR;
				CLANG_WARN_UNREACHABLE_CODE = YES;
				CLANG_WARN__DUPLICATE_METHOD_MATCH = YES;
				"CODE_SIGN_IDENTITY[sdk=iphoneos*]" = "iPhone Developer";
				COPY_PHASE_STRIP = NO;
				DEBUG_INFORMATION_FORMAT = "dwarf-with-dsym";
				ENABLE_NS_ASSERTIONS = NO;
				ENABLE_STRICT_OBJC_MSGSEND = YES;
				GCC_C_LANGUAGE_STANDARD = gnu99;
				GCC_NO_COMMON_BLOCKS = YES;
				GCC_WARN_64_TO_32_BIT_CONVERSION = YES;
				GCC_WARN_ABOUT_RETURN_TYPE = YES_ERROR;
				GCC_WARN_UNDECLARED_SELECTOR = YES;
				GCC_WARN_UNINITIALIZED_AUTOS = YES_AGGRESSIVE;
				GCC_WARN_UNUSED_FUNCTION = YES;
				GCC_WARN_UNUSED_VARIABLE = YES;
				IPHONEOS_DEPLOYMENT_TARGET = 8.3;
				MTL_ENABLE_DEBUG_INFO = NO;
				SDKROOT = iphoneos;
				TARGETED_DEVICE_FAMILY = "1,2";
				VALIDATE_PRODUCT = YES;
			};
			name = Release;
		};
		8BC7BA1F1AC938AC000EC1C4 /* Debug */ = {
			isa = XCBuildConfiguration;
			baseConfigurationReference = DF1CAD5E23921C40B2D0CD7F /* Pods.debug.xcconfig */;
			buildSettings = {
				ASSETCATALOG_COMPILER_APPICON_NAME = AppIcon;
				CODE_SIGN_ENTITLEMENTS = FocusMap/FocusMap.entitlements;
				GCC_PRECOMPILE_PREFIX_HEADER = YES;
				GCC_PREFIX_HEADER = "FocusMap/FocusMap-Prefix.pch";
				INFOPLIST_FILE = FocusMap/Info.plist;
				LD_RUNPATH_SEARCH_PATHS = "$(inherited) @executable_path/Frameworks";
				PRODUCT_NAME = "$(TARGET_NAME)";
			};
			name = Debug;
		};
		8BC7BA201AC938AC000EC1C4 /* Release */ = {
			isa = XCBuildConfiguration;
			baseConfigurationReference = 9A781F2032449F6783EB278F /* Pods.release.xcconfig */;
			buildSettings = {
				ASSETCATALOG_COMPILER_APPICON_NAME = AppIcon;
				CODE_SIGN_ENTITLEMENTS = FocusMap/FocusMap.entitlements;
				GCC_PRECOMPILE_PREFIX_HEADER = YES;
				GCC_PREFIX_HEADER = "FocusMap/FocusMap-Prefix.pch";
				INFOPLIST_FILE = FocusMap/Info.plist;
				LD_RUNPATH_SEARCH_PATHS = "$(inherited) @executable_path/Frameworks";
				PRODUCT_NAME = "$(TARGET_NAME)";
			};
			name = Release;
		};
		8BC7BA221AC938AC000EC1C4 /* Debug */ = {
			isa = XCBuildConfiguration;
			buildSettings = {
				BUNDLE_LOADER = "$(TEST_HOST)";
				FRAMEWORK_SEARCH_PATHS = (
					"$(SDKROOT)/Developer/Library/Frameworks",
					"$(inherited)",
				);
				GCC_PREPROCESSOR_DEFINITIONS = (
					"DEBUG=1",
					"$(inherited)",
				);
				INFOPLIST_FILE = FocusMapTests/Info.plist;
				LD_RUNPATH_SEARCH_PATHS = "$(inherited) @executable_path/Frameworks @loader_path/Frameworks";
				PRODUCT_NAME = "$(TARGET_NAME)";
				TEST_HOST = "$(BUILT_PRODUCTS_DIR)/FocusMap.app/FocusMap";
			};
			name = Debug;
		};
		8BC7BA231AC938AC000EC1C4 /* Release */ = {
			isa = XCBuildConfiguration;
			buildSettings = {
				BUNDLE_LOADER = "$(TEST_HOST)";
				FRAMEWORK_SEARCH_PATHS = (
					"$(SDKROOT)/Developer/Library/Frameworks",
					"$(inherited)",
				);
				INFOPLIST_FILE = FocusMapTests/Info.plist;
				LD_RUNPATH_SEARCH_PATHS = "$(inherited) @executable_path/Frameworks @loader_path/Frameworks";
				PRODUCT_NAME = "$(TARGET_NAME)";
				TEST_HOST = "$(BUILT_PRODUCTS_DIR)/FocusMap.app/FocusMap";
			};
			name = Release;
		};
		8BC7BA4A1AC93901000EC1C4 /* Debug */ = {
			isa = XCBuildConfiguration;
			buildSettings = {
				ASSETCATALOG_COMPILER_APPICON_NAME = AppIcon;
				GCC_PREPROCESSOR_DEFINITIONS = (
					"DEBUG=1",
					"$(inherited)",
				);
				IBSC_MODULE = FocusMap_WatchKit_Extension;
				INFOPLIST_FILE = "FocusMap WatchKit App/Info.plist";
				IPHONEOS_DEPLOYMENT_TARGET = 8.2;
				PRODUCT_NAME = "$(TARGET_NAME)";
				SKIP_INSTALL = YES;
				TARGETED_DEVICE_FAMILY = 4;
				"TARGETED_DEVICE_FAMILY[sdk=iphonesimulator*]" = "1,4";
			};
			name = Debug;
		};
		8BC7BA4B1AC93901000EC1C4 /* Release */ = {
			isa = XCBuildConfiguration;
			buildSettings = {
				ASSETCATALOG_COMPILER_APPICON_NAME = AppIcon;
				IBSC_MODULE = FocusMap_WatchKit_Extension;
				INFOPLIST_FILE = "FocusMap WatchKit App/Info.plist";
				IPHONEOS_DEPLOYMENT_TARGET = 8.2;
				PRODUCT_NAME = "$(TARGET_NAME)";
				SKIP_INSTALL = YES;
				TARGETED_DEVICE_FAMILY = 4;
				"TARGETED_DEVICE_FAMILY[sdk=iphonesimulator*]" = "1,4";
			};
			name = Release;
		};
		8BC7BA4D1AC93901000EC1C4 /* Debug */ = {
			isa = XCBuildConfiguration;
			baseConfigurationReference = DF1CAD5E23921C40B2D0CD7F /* Pods.debug.xcconfig */;
			buildSettings = {
				CODE_SIGN_ENTITLEMENTS = "FocusMap WatchKit Extension/FocusMap WatchKit Extension.entitlements";
				GCC_PREPROCESSOR_DEFINITIONS = (
					"DEBUG=1",
					"$(inherited)",
				);
				INFOPLIST_FILE = "FocusMap WatchKit Extension/Info.plist";
				LD_RUNPATH_SEARCH_PATHS = "$(inherited) @executable_path/Frameworks @executable_path/../../Frameworks";
				PRODUCT_NAME = "${TARGET_NAME}";
				SKIP_INSTALL = YES;
			};
			name = Debug;
		};
		8BC7BA4E1AC93901000EC1C4 /* Release */ = {
			isa = XCBuildConfiguration;
			baseConfigurationReference = 9A781F2032449F6783EB278F /* Pods.release.xcconfig */;
			buildSettings = {
				CODE_SIGN_ENTITLEMENTS = "FocusMap WatchKit Extension/FocusMap WatchKit Extension.entitlements";
				INFOPLIST_FILE = "FocusMap WatchKit Extension/Info.plist";
				LD_RUNPATH_SEARCH_PATHS = "$(inherited) @executable_path/Frameworks @executable_path/../../Frameworks";
				PRODUCT_NAME = "${TARGET_NAME}";
				SKIP_INSTALL = YES;
			};
			name = Release;
		};
/* End XCBuildConfiguration section */

/* Begin XCConfigurationList section */
		8B2F26061AD3205400187FD8 /* Build configuration list for PBXNativeTarget "FocusMapKit" */ = {
			isa = XCConfigurationList;
			buildConfigurations = (
				8B2F26021AD3205400187FD8 /* Debug */,
				8B2F26031AD3205400187FD8 /* Release */,
			);
			defaultConfigurationIsVisible = 0;
			defaultConfigurationName = Release;
		};
		8B2F26081AD3205400187FD8 /* Build configuration list for PBXNativeTarget "FocusMapKitTests" */ = {
			isa = XCConfigurationList;
			buildConfigurations = (
				8B2F26041AD3205400187FD8 /* Debug */,
				8B2F26051AD3205400187FD8 /* Release */,
			);
			defaultConfigurationIsVisible = 0;
			defaultConfigurationName = Release;
		};
		8B7A73821ACB58F0002523C3 /* Build configuration list for PBXAggregateTarget "Mogenerator" */ = {
			isa = XCConfigurationList;
			buildConfigurations = (
				8B7A73831ACB58F0002523C3 /* Debug */,
				8B7A73841ACB58F0002523C3 /* Release */,
			);
			defaultConfigurationIsVisible = 0;
			defaultConfigurationName = Release;
		};
		8BC7B9F61AC938AC000EC1C4 /* Build configuration list for PBXProject "FocusMap" */ = {
			isa = XCConfigurationList;
			buildConfigurations = (
				8BC7BA1C1AC938AC000EC1C4 /* Debug */,
				8BC7BA1D1AC938AC000EC1C4 /* Release */,
			);
			defaultConfigurationIsVisible = 0;
			defaultConfigurationName = Release;
		};
		8BC7BA1E1AC938AC000EC1C4 /* Build configuration list for PBXNativeTarget "FocusMap" */ = {
			isa = XCConfigurationList;
			buildConfigurations = (
				8BC7BA1F1AC938AC000EC1C4 /* Debug */,
				8BC7BA201AC938AC000EC1C4 /* Release */,
			);
			defaultConfigurationIsVisible = 0;
			defaultConfigurationName = Release;
		};
		8BC7BA211AC938AC000EC1C4 /* Build configuration list for PBXNativeTarget "FocusMapTests" */ = {
			isa = XCConfigurationList;
			buildConfigurations = (
				8BC7BA221AC938AC000EC1C4 /* Debug */,
				8BC7BA231AC938AC000EC1C4 /* Release */,
			);
			defaultConfigurationIsVisible = 0;
			defaultConfigurationName = Release;
		};
		8BC7BA491AC93901000EC1C4 /* Build configuration list for PBXNativeTarget "FocusMap WatchKit App" */ = {
			isa = XCConfigurationList;
			buildConfigurations = (
				8BC7BA4A1AC93901000EC1C4 /* Debug */,
				8BC7BA4B1AC93901000EC1C4 /* Release */,
			);
			defaultConfigurationIsVisible = 0;
			defaultConfigurationName = Release;
		};
		8BC7BA4C1AC93901000EC1C4 /* Build configuration list for PBXNativeTarget "FocusMap WatchKit Extension" */ = {
			isa = XCConfigurationList;
			buildConfigurations = (
				8BC7BA4D1AC93901000EC1C4 /* Debug */,
				8BC7BA4E1AC93901000EC1C4 /* Release */,
			);
			defaultConfigurationIsVisible = 0;
			defaultConfigurationName = Release;
		};
/* End XCConfigurationList section */

/* Begin XCVersionGroup section */
		8BEEB65C1AD34BC4007B2954 /* Model.xcdatamodeld */ = {
			isa = XCVersionGroup;
			children = (
				8BEEB65D1AD34BC4007B2954 /* Model.xcdatamodel */,
			);
			currentVersion = 8BEEB65D1AD34BC4007B2954 /* Model.xcdatamodel */;
			path = Model.xcdatamodeld;
			sourceTree = "<group>";
			versionGroupType = wrapper.xcdatamodel;
		};
/* End XCVersionGroup section */
	};
	rootObject = 8BC7B9F31AC938AC000EC1C4 /* Project object */;
}
